
Microsoft Visual Studio Solution File, Format Version 12.00
# Visual Studio Version 16
VisualStudioVersion = 16.0.32106.194
MinimumVisualStudioVersion = 10.0.40219.1
Project("{9A19103F-16F7-4668-BE54-9A1E7A4F7556}") = "WebApi", "ProjectTemplate\WebApi.csproj", "{9FC26147-4233-44F0-8A18-3E1B00A03D9F}"
EndProject
Project("{FAE04EC0-301F-11D3-BF4B-00C04F79EFBC}") = "Identity", "Identity\Identity.csproj", "{8FADA6CF-F415-401E-BAB8-47586EC9F310}"
EndProject
Project("{FAE04EC0-301F-11D3-BF4B-00C04F79EFBC}") = "Data", "Data\Data.csproj", "{45D2DFF5-3854-48CB-B755-2B4165BFAE6C}"
EndProject
Project("{FAE04EC0-301F-11D3-BF4B-00C04F79EFBC}") = "Models", "Models\Models.csproj", "{6B7CBEBC-3813-47B0-8EC4-D00C385DC160}"
EndProject
Project("{FAE04EC0-301F-11D3-BF4B-00C04F79EFBC}") = "Core", "Core\Core.csproj", "{B5A877A1-922F-4406-8CEE-9F822B6702DC}"
EndProject
Project("{FAE04EC0-301F-11D3-BF4B-00C04F79EFBC}") = "Services", "Services\Services.csproj", "{3230E0AC-74FE-4521-AE1A-2F49490A2E93}"
EndProject
Global
	GlobalSection(SolutionConfigurationPlatforms) = preSolution
		Debug|Any CPU = Debug|Any CPU
		Release|Any CPU = Release|Any CPU
	EndGlobalSection
	GlobalSection(ProjectConfigurationPlatforms) = postSolution
		{9FC26147-4233-44F0-8A18-3E1B00A03D9F}.Debug|Any CPU.ActiveCfg = Debug|Any CPU
		{9FC26147-4233-44F0-8A18-3E1B00A03D9F}.Debug|Any CPU.Build.0 = Debug|Any CPU
		{9FC26147-4233-44F0-8A18-3E1B00A03D9F}.Release|Any CPU.ActiveCfg = Release|Any CPU
		{9FC26147-4233-44F0-8A18-3E1B00A03D9F}.Release|Any CPU.Build.0 = Release|Any CPU
		{8FADA6CF-F415-401E-BAB8-47586EC9F310}.Debug|Any CPU.ActiveCfg = Debug|Any CPU
		{8FADA6CF-F415-401E-BAB8-47586EC9F310}.Debug|Any CPU.Build.0 = Debug|Any CPU
		{8FADA6CF-F415-401E-BAB8-47586EC9F310}.Release|Any CPU.ActiveCfg = Release|Any CPU
		{8FADA6CF-F415-401E-BAB8-47586EC9F310}.Release|Any CPU.Build.0 = Release|Any CPU
		{45D2DFF5-3854-48CB-B755-2B4165BFAE6C}.Debug|Any CPU.ActiveCfg = Debug|Any CPU
		{45D2DFF5-3854-48CB-B755-2B4165BFAE6C}.Debug|Any CPU.Build.0 = Debug|Any CPU
		{45D2DFF5-3854-48CB-B755-2B4165BFAE6C}.Release|Any CPU.ActiveCfg = Release|Any CPU
		{45D2DFF5-3854-48CB-B755-2B4165BFAE6C}.Release|Any CPU.Build.0 = Release|Any CPU
		{6B7CBEBC-3813-47B0-8EC4-D00C385DC160}.Debug|Any CPU.ActiveCfg = Debug|Any CPU
		{6B7CBEBC-3813-47B0-8EC4-D00C385DC160}.Debug|Any CPU.Build.0 = Debug|Any CPU
		{6B7CBEBC-3813-47B0-8EC4-D00C385DC160}.Release|Any CPU.ActiveCfg = Release|Any CPU
		{6B7CBEBC-3813-47B0-8EC4-D00C385DC160}.Release|Any CPU.Build.0 = Release|Any CPU
		{B5A877A1-922F-4406-8CEE-9F822B6702DC}.Debug|Any CPU.ActiveCfg = Debug|Any CPU
		{B5A877A1-922F-4406-8CEE-9F822B6702DC}.Debug|Any CPU.Build.0 = Debug|Any CPU
		{B5A877A1-922F-4406-8CEE-9F822B6702DC}.Release|Any CPU.ActiveCfg = Release|Any CPU
		{B5A877A1-922F-4406-8CEE-9F822B6702DC}.Release|Any CPU.Build.0 = Release|Any CPU
		{3230E0AC-74FE-4521-AE1A-2F49490A2E93}.Debug|Any CPU.ActiveCfg = Debug|Any CPU
		{3230E0AC-74FE-4521-AE1A-2F49490A2E93}.Debug|Any CPU.Build.0 = Debug|Any CPU
		{3230E0AC-74FE-4521-AE1A-2F49490A2E93}.Release|Any CPU.ActiveCfg = Release|Any CPU
		{3230E0AC-74FE-4521-AE1A-2F49490A2E93}.Release|Any CPU.Build.0 = Release|Any CPU
	EndGlobalSection
	GlobalSection(SolutionProperties) = preSolution
		HideSolutionNode = FALSE
	EndGlobalSection
	GlobalSection(ExtensibilityGlobals) = postSolution
		SolutionGuid = {BAE90DFA-7FF3-4277-A217-22A002126F78}
	EndGlobalSection
EndGlobal
